
Microsoft Visual Studio Solution File, Format Version 12.00
# Visual Studio Version 17
VisualStudioVersion = 17.7.34018.315
MinimumVisualStudioVersion = 10.0.40219.1
Project("{FAE04EC0-301F-11D3-BF4B-00C04F79EFBC}") = "command_control_color_in_focus", "command_control_color_in_focus\command_control_color_in_focus.csproj", "{08A46AE9-E773-4CBC-BC72-13E281665DF4}"
EndProject
Global
	GlobalSection(SolutionConfigurationPlatforms) = preSolution
		Debug|Any CPU = Debug|Any CPU
		Release|Any CPU = Release|Any CPU
	EndGlobalSection
	GlobalSection(ProjectConfigurationPlatforms) = postSolution
		{08A46AE9-E773-4CBC-BC72-13E281665DF4}.Debug|Any CPU.ActiveCfg = Debug|Any CPU
		{08A46AE9-E773-4CBC-BC72-13E281665DF4}.Debug|Any CPU.Build.0 = Debug|Any CPU
		{08A46AE9-E773-4CBC-BC72-13E281665DF4}.Release|Any CPU.ActiveCfg = Release|Any CPU
		{08A46AE9-E773-4CBC-BC72-13E281665DF4}.Release|Any CPU.Build.0 = Release|Any CPU
	EndGlobalSection
	GlobalSection(SolutionProperties) = preSolution
		HideSolutionNode = FALSE
	EndGlobalSection
	GlobalSection(ExtensibilityGlobals) = postSolution
		SolutionGuid = {FCBDA42A-9DD0-49B6-9169-6699DBAD2292}
	EndGlobalSection
EndGlobal
